<?xml version="1.0" encoding="utf-8"?>
<Project ToolsVersion="4.0" xmlns="http://schemas.microsoft.com/developer/msbuild/2003">
  <ItemGroup>
    <Filter Include="FrameWork">
      <UniqueIdentifier>{7b65bbed-6e83-4cc8-9c4f-961050cae57b}</UniqueIdentifier>
    </Filter>
    <Filter Include="Game">
      <UniqueIdentifier>{bff92479-aded-4bbb-a31f-bec299500907}</UniqueIdentifier>
    </Filter>
    <Filter Include="Main">
      <UniqueIdentifier>{f17fe9b6-b58a-4c2f-be29-96586991514b}</UniqueIdentifier>
    </Filter>
    <Filter Include="Game\Mgrs">
      <UniqueIdentifier>{681cfe65-040d-4645-9abe-f2d0fa37c46b}</UniqueIdentifier>
    </Filter>
    <Filter Include="Game\Object">
      <UniqueIdentifier>{f60928ff-4038-4b6c-9b3f-de8e54cce740}</UniqueIdentifier>
    </Filter>
    <Filter Include="FrameWork\Core">
      <UniqueIdentifier>{94381774-e408-4df3-a1f3-2ae46f6c1ee3}</UniqueIdentifier>
    </Filter>
    <Filter Include="Game\Object\Enemy">
      <UniqueIdentifier>{e1e3dc5a-ec12-479e-856b-871e77a994aa}</UniqueIdentifier>
    </Filter>
    <Filter Include="Game\Object\Enemy\EnemyBullet">
      <UniqueIdentifier>{cd29c906-6fe1-496a-891e-163d8bacf900}</UniqueIdentifier>
    </Filter>
    <Filter Include="Game\Object\Player">
      <UniqueIdentifier>{3da98416-c15d-4755-a90c-d21a19bf5d1d}</UniqueIdentifier>
    </Filter>
    <Filter Include="Game\Object\Player\Bullet">
      <UniqueIdentifier>{c6bbf602-9836-4ee0-8879-1d1c2e7bb2f0}</UniqueIdentifier>
    </Filter>
    <Filter Include="Game\Mgr">
      <UniqueIdentifier>{19cfe933-c7c6-47a8-8100-a474cff097c8}</UniqueIdentifier>
    </Filter>
    <Filter Include="Game\Scene">
      <UniqueIdentifier>{6a0b488c-024d-464b-b7e5-e43bc432ea1d}</UniqueIdentifier>
    </Filter>
    <Filter Include="Game\Stage">
      <UniqueIdentifier>{9784a0ca-198f-4ecb-a8ef-65874fc5c4ef}</UniqueIdentifier>
    </Filter>
    <Filter Include="FrameWork\Node">
      <UniqueIdentifier>{bf823143-6268-44b3-88b0-2e24c65d1b64}</UniqueIdentifier>
    </Filter>
  </ItemGroup>
  <ItemGroup>
    <ClCompile Include="Space.cpp">
      <Filter>Main</Filter>
    </ClCompile>
    <ClCompile Include="App.cpp">
      <Filter>FrameWork\Core</Filter>
    </ClCompile>
    <ClCompile Include="stdafx.cpp">
      <Filter>Main</Filter>
    </ClCompile>
    <ClCompile Include="Input.cpp">
      <Filter>FrameWork\Core</Filter>
    </ClCompile>
    <ClCompile Include="Renderer.cpp">
      <Filter>FrameWork\Core</Filter>
    </ClCompile>
    <ClCompile Include="ResourceMgr.cpp">
      <Filter>FrameWork\Core</Filter>
    </ClCompile>
    <ClCompile Include="SceneDirector.cpp">
      <Filter>FrameWork\Core</Filter>
    </ClCompile>
    <ClCompile Include="CollisionMgr.cpp">
      <Filter>Game\Mgrs</Filter>
    </ClCompile>
    <ClCompile Include="EffectMgr.cpp">
      <Filter>Game\Mgrs</Filter>
    </ClCompile>
    <ClCompile Include="ObjectMgr.cpp">
      <Filter>Game\Mgrs</Filter>
    </ClCompile>
    <ClCompile Include="SoundMgr.cpp">
      <Filter>Game\Mgrs</Filter>
    </ClCompile>
    <ClCompile Include="TextMgr.cpp">
      <Filter>Game\Mgrs</Filter>
    </ClCompile>
    <ClCompile Include="MainScene.cpp">
      <Filter>Game\Scene</Filter>
    </ClCompile>
    <ClCompile Include="GameMgr.cpp">
      <Filter>Game\Mgr</Filter>
    </ClCompile>
    <ClCompile Include="UI.cpp">
      <Filter>Game\Mgr</Filter>
    </ClCompile>
    <ClCompile Include="BossBullet.cpp">
      <Filter>Game\Object\Enemy\EnemyBullet</Filter>
    </ClCompile>
    <ClCompile Include="EnemyDirBullet.cpp">
      <Filter>Game\Object\Enemy\EnemyBullet</Filter>
    </ClCompile>
    <ClCompile Include="EnemyRotationBullet.cpp">
      <Filter>Game\Object\Enemy\EnemyBullet</Filter>
    </ClCompile>
    <ClCompile Include="InputScoreScene.cpp">
      <Filter>Game\Scene</Filter>
    </ClCompile>
    <ClCompile Include="RankScene.cpp">
      <Filter>Game\Scene</Filter>
    </ClCompile>
    <ClCompile Include="Player.cpp">
      <Filter>Game\Object\Player</Filter>
    </ClCompile>
    <ClCompile Include="Bullet.cpp">
      <Filter>Game\Object\Player\Bullet</Filter>
    </ClCompile>
    <ClCompile Include="Stage1.cpp">
      <Filter>Game\Stage</Filter>
    </ClCompile>
    <ClCompile Include="Stage2.cpp">
      <Filter>Game\Stage</Filter>
    </ClCompile>
    <ClCompile Include="Pet.cpp">
      <Filter>Game\Object\Player</Filter>
    </ClCompile>
    <ClCompile Include="Animation.cpp">
      <Filter>FrameWork\Node</Filter>
    </ClCompile>
    <ClCompile Include="Scene.cpp">
      <Filter>FrameWork\Node</Filter>
    </ClCompile>
    <ClCompile Include="Object.cpp">
      <Filter>FrameWork\Node</Filter>
    </ClCompile>
    <ClCompile Include="Sprite.cpp">
      <Filter>FrameWork\Node</Filter>
    </ClCompile>
    <ClCompile Include="Texture.cpp">
      <Filter>FrameWork\Node</Filter>
    </ClCompile>
    <ClCompile Include="Camera.cpp">
      <Filter>FrameWork\Node</Filter>
    </ClCompile>
    <ClCompile Include="Torpedo.cpp">
      <Filter>Game\Object\Player\Bullet</Filter>
    </ClCompile>
    <ClCompile Include="Missile.cpp">
      <Filter>Game\Object\Player\Bullet</Filter>
    </ClCompile>
    <ClCompile Include="AerialEnemy1.cpp">
      <Filter>Game\Object\Enemy</Filter>
    </ClCompile>
    <ClCompile Include="Oceanic1.cpp">
      <Filter>Game\Object\Enemy</Filter>
    </ClCompile>
    <ClCompile Include="NavalProjectile.cpp">
      <Filter>Game\Object\Player\Bullet</Filter>
    </ClCompile>
    <ClCompile Include="Stage1Boss.cpp">
      <Filter>Game\Object\Enemy</Filter>
    </ClCompile>
    <ClCompile Include="AirForce.cpp">
      <Filter>Game\Object\Player</Filter>
    </ClCompile>
    <ClCompile Include="Item.cpp">
      <Filter>Game\Object\Player</Filter>
    </ClCompile>
    <ClCompile Include="Obstacle.cpp">
      <Filter>Game\Object\Enemy</Filter>
    </ClCompile>
    <ClCompile Include="EnemyMissile.cpp">
      <Filter>Game\Object\Enemy\EnemyBullet</Filter>
    </ClCompile>
  </ItemGroup>
  <ItemGroup>
    <ClInclude Include="App.h">
      <Filter>FrameWork\Core</Filter>
    </ClInclude>
    <ClInclude Include="stdafx.h">
      <Filter>Main</Filter>
    </ClInclude>
    <ClInclude Include="Singleton.h">
      <Filter>FrameWork\Core</Filter>
    </ClInclude>
    <ClInclude Include="Input.h">
      <Filter>FrameWork\Core</Filter>
    </ClInclude>
    <ClInclude Include="Renderer.h">
      <Filter>FrameWork\Core</Filter>
    </ClInclude>
    <ClInclude Include="ResourceMgr.h">
      <Filter>FrameWork\Core</Filter>
    </ClInclude>
    <ClInclude Include="SceneDirector.h">
      <Filter>FrameWork\Core</Filter>
    </ClInclude>
    <ClInclude Include="CollisionMgr.h">
      <Filter>Game\Mgrs</Filter>
    </ClInclude>
    <ClInclude Include="EffectMgr.h">
      <Filter>Game\Mgrs</Filter>
    </ClInclude>
    <ClInclude Include="ObjectMgr.h">
      <Filter>Game\Mgrs</Filter>
    </ClInclude>
    <ClInclude Include="SoundMgr.h">
      <Filter>Game\Mgrs</Filter>
    </ClInclude>
    <ClInclude Include="TextMgr.h">
      <Filter>Game\Mgrs</Filter>
    </ClInclude>
    <ClInclude Include="MainScene.h">
      <Filter>Game\Scene</Filter>
    </ClInclude>
    <ClInclude Include="GameMgr.h">
      <Filter>Game\Mgr</Filter>
    </ClInclude>
    <ClInclude Include="BossBullet.h">
      <Filter>Game\Object\Enemy\EnemyBullet</Filter>
    </ClInclude>
    <ClInclude Include="EnemyDirBullet.h">
      <Filter>Game\Object\Enemy\EnemyBullet</Filter>
    </ClInclude>
    <ClInclude Include="EnemyRotationBullet.h">
      <Filter>Game\Object\Enemy\EnemyBullet</Filter>
    </ClInclude>
    <ClInclude Include="InputScoreScene.h">
      <Filter>Game\Scene</Filter>
    </ClInclude>
    <ClInclude Include="RankScene.h">
      <Filter>Game\Scene</Filter>
    </ClInclude>
    <ClInclude Include="Player.h">
      <Filter>Game\Object\Player</Filter>
    </ClInclude>
    <ClInclude Include="Bullet.h">
      <Filter>Game\Object\Player\Bullet</Filter>
    </ClInclude>
    <ClInclude Include="Stage1.h">
      <Filter>Game\Stage</Filter>
    </ClInclude>
    <ClInclude Include="Stage2.h">
      <Filter>Game\Stage</Filter>
    </ClInclude>
    <ClInclude Include="Pet.h">
      <Filter>Game\Object\Player</Filter>
    </ClInclude>
    <ClInclude Include="Animation.h">
      <Filter>FrameWork\Node</Filter>
    </ClInclude>
    <ClInclude Include="Camera.h">
      <Filter>FrameWork\Node</Filter>
    </ClInclude>
    <ClInclude Include="Object.h">
      <Filter>FrameWork\Node</Filter>
    </ClInclude>
    <ClInclude Include="Scene.h">
      <Filter>FrameWork\Node</Filter>
    </ClInclude>
    <ClInclude Include="Sprite.h">
      <Filter>FrameWork\Node</Filter>
    </ClInclude>
    <ClInclude Include="Texture.h">
      <Filter>FrameWork\Node</Filter>
    </ClInclude>
    <ClInclude Include="Torpedo.h">
      <Filter>Game\Object\Player\Bullet</Filter>
    </ClInclude>
    <ClInclude Include="Missile.h">
      <Filter>Game\Object\Player\Bullet</Filter>
    </ClInclude>
    <ClInclude Include="Oceanic1.h">
      <Filter>Game\Object\Enemy</Filter>
    </ClInclude>
    <ClInclude Include="AerialEnemy1.h">
      <Filter>Game\Object\Enemy</Filter>
    </ClInclude>
    <ClInclude Include="NavalProjectile.h">
      <Filter>Game\Object\Player\Bullet</Filter>
    </ClInclude>
    <ClInclude Include="UI.h">
      <Filter>Game\Mgr</Filter>
    </ClInclude>
    <ClInclude Include="Stage1Boss.h">
      <Filter>Game\Object\Enemy</Filter>
    </ClInclude>
    <ClInclude Include="AirForce.h">
      <Filter>Game\Object\Player</Filter>
    </ClInclude>
    <ClInclude Include="Item.h">
      <Filter>Game\Object\Player</Filter>
    </ClInclude>
    <ClInclude Include="Obstacle.h">
      <Filter>Game\Object\Enemy</Filter>
    </ClInclude>
    <ClInclude Include="EnemyMissile.h">
      <Filter>Game\Object\Enemy\EnemyBullet</Filter>
    </ClInclude>
  </ItemGroup>
</Project>